
Microsoft Visual Studio Solution File, Format Version 12.00
# Visual Studio Version 17
VisualStudioVersion = 17.4.33205.214
MinimumVisualStudioVersion = 10.0.40219.1
Project("{FAE04EC0-301F-11D3-BF4B-00C04F79EFBC}") = "ReadersRendezvous", "ReadersRendezvous\ReadersRendezvous.csproj", "{4A2B290E-043E-43D1-9D7B-F9D242F913AF}"
EndProject
Global
	GlobalSection(SolutionConfigurationPlatforms) = preSolution
		Debug|Any CPU = Debug|Any CPU
		Release|Any CPU = Release|Any CPU
	EndGlobalSection
	GlobalSection(ProjectConfigurationPlatforms) = postSolution
		{4A2B290E-043E-43D1-9D7B-F9D242F913AF}.Debug|Any CPU.ActiveCfg = Debug|Any CPU
		{4A2B290E-043E-43D1-9D7B-F9D242F913AF}.Debug|Any CPU.Build.0 = Debug|Any CPU
		{4A2B290E-043E-43D1-9D7B-F9D242F913AF}.Release|Any CPU.ActiveCfg = Release|Any CPU
		{4A2B290E-043E-43D1-9D7B-F9D242F913AF}.Release|Any CPU.Build.0 = Release|Any CPU
	EndGlobalSection
	GlobalSection(SolutionProperties) = preSolution
		HideSolutionNode = FALSE
	EndGlobalSection
	GlobalSection(ExtensibilityGlobals) = postSolution
		SolutionGuid = {5FD1AB45-855D-41A4-93CC-9F8667528F83}
	EndGlobalSection
EndGlobal
